
Microsoft Visual Studio Solution File, Format Version 12.00
# Visual Studio Version 17
VisualStudioVersion = 17.14.36221.1 d17.14
MinimumVisualStudioVersion = 10.0.40219.1
Project("{FAE04EC0-301F-11D3-BF4B-00C04F79EFBC}") = "ConsoleApp Ass04", "ConsoleApp Ass04\ConsoleApp Ass04.csproj", "{58BFA5B0-EA7E-4DC9-982C-3AD3E8BFA472}"
EndProject
Global
	GlobalSection(SolutionConfigurationPlatforms) = preSolution
		Debug|Any CPU = Debug|Any CPU
		Release|Any CPU = Release|Any CPU
	EndGlobalSection
	GlobalSection(ProjectConfigurationPlatforms) = postSolution
		{58BFA5B0-EA7E-4DC9-982C-3AD3E8BFA472}.Debug|Any CPU.ActiveCfg = Debug|Any CPU
		{58BFA5B0-EA7E-4DC9-982C-3AD3E8BFA472}.Debug|Any CPU.Build.0 = Debug|Any CPU
		{58BFA5B0-EA7E-4DC9-982C-3AD3E8BFA472}.Release|Any CPU.ActiveCfg = Release|Any CPU
		{58BFA5B0-EA7E-4DC9-982C-3AD3E8BFA472}.Release|Any CPU.Build.0 = Release|Any CPU
	EndGlobalSection
	GlobalSection(SolutionProperties) = preSolution
		HideSolutionNode = FALSE
	EndGlobalSection
	GlobalSection(ExtensibilityGlobals) = postSolution
		SolutionGuid = {60D1E1E2-C14F-4B1D-94E0-D89F80A711F0}
	EndGlobalSection
EndGlobal
